
Microsoft Visual Studio Solution File, Format Version 12.00
# Visual Studio Version 17
VisualStudioVersion = 17.10.35122.118
MinimumVisualStudioVersion = 10.0.40219.1
Project("{2150E333-8FDC-42A3-9474-1A3956D46DE8}") = "Commons", "Commons", "{9F8623BF-E9D5-4779-8DF4-244C3F87C12E}"
EndProject
Project("{9A19103F-16F7-4668-BE54-9A1E7A4F7556}") = "CommonInitializer", "Commons\CommonInitializer\CommonInitializer.csproj", "{A7750EF3-1C9A-4B84-9DEC-996272AE9BEA}"
EndProject
Project("{9A19103F-16F7-4668-BE54-9A1E7A4F7556}") = "Zack.JWT", "Commons\Zack.JWT\Zack.JWT.csproj", "{445E0DFE-7B95-4619-AD83-057D40BE21F6}"
EndProject
Project("{9A19103F-16F7-4668-BE54-9A1E7A4F7556}") = "Zack.Infrastructure", "Commons\Zack.Infrastructure\Zack.Infrastructure.csproj", "{D8973726-B927-4178-87EC-3908DD682B14}"
EndProject
Project("{9A19103F-16F7-4668-BE54-9A1E7A4F7556}") = "Zack.EventBus", "Commons\Zack.EventBus\Zack.EventBus.csproj", "{77E74D00-2E84-41AD-9F78-C1541C515B77}"
EndProject
Project("{9A19103F-16F7-4668-BE54-9A1E7A4F7556}") = "Zack.DomainCommons", "Commons\Zack.DomainCommons\Zack.DomainCommons.csproj", "{BB9BC01D-83C4-4EB1-BD3F-83A6A8B4EF67}"
EndProject
Project("{9A19103F-16F7-4668-BE54-9A1E7A4F7556}") = "Zack.Commons", "Commons\Zack.Commons\Zack.Commons.csproj", "{6EB459D3-0F21-488D-B763-D1BE28705C34}"
EndProject
Project("{9A19103F-16F7-4668-BE54-9A1E7A4F7556}") = "Zack.ASPNETCore", "Commons\Zack.ASPNETCore\Zack.ASPNETCore.csproj", "{8EB9EC94-35EB-4157-8DC0-93ECB8660E0A}"
EndProject
Project("{2150E333-8FDC-42A3-9474-1A3956D46DE8}") = "FileServers", "FileServers", "{3ACC08B6-8975-445B-A6F4-43D031E4C9BC}"
EndProject
Project("{9A19103F-16F7-4668-BE54-9A1E7A4F7556}") = "FileService.Domain", "FileService\FileService.Domain\FileService.Domain.csproj", "{AF8FB1CF-10B3-435F-8187-4C559230EFA7}"
EndProject
Project("{9A19103F-16F7-4668-BE54-9A1E7A4F7556}") = "FileService.Infrastructure", "FileService\FileService.Infrastructure\FileService.Infrastructure.csproj", "{51780ACC-8696-4AC8-A8B5-6F06A8810462}"
EndProject
Project("{9A19103F-16F7-4668-BE54-9A1E7A4F7556}") = "FileService.SDK.NETCore", "FileService\FileService.SDK.NETCore\FileService.SDK.NETCore.csproj", "{BE4F37EE-4338-4DDC-9A7D-B6698E97D5B5}"
EndProject
Project("{9A19103F-16F7-4668-BE54-9A1E7A4F7556}") = "FileService.WebAPI", "FileService\FileService.WebAPI\FileService.WebAPI.csproj", "{7829370A-0206-4A0F-A363-E3E2E957E039}"
EndProject
Project("{2150E333-8FDC-42A3-9474-1A3956D46DE8}") = "IdentityService", "IdentityService", "{7735AA70-4F07-4220-A6AE-9756C2E966C4}"
EndProject
Project("{9A19103F-16F7-4668-BE54-9A1E7A4F7556}") = "IdentityService.Domain", "IdentityService\IdentityService.Domain\IdentityService.Domain.csproj", "{75D559CD-6C27-46E8-9766-9D2D91ADB113}"
EndProject
Project("{9A19103F-16F7-4668-BE54-9A1E7A4F7556}") = "IdentityService.Infrastructure", "IdentityService\IdentityService.Infrastructure\IdentityService.Infrastructure.csproj", "{D0DCDED2-636F-42F9-A8A9-6FC24215ABF5}"
EndProject
Project("{9A19103F-16F7-4668-BE54-9A1E7A4F7556}") = "IdentityService.WebAPI", "IdentityService\IdentityService.WebAPI\IdentityService.WebAPI.csproj", "{7BEE964F-1DB3-4112-B787-8A2BD56024E6}"
EndProject
Project("{2150E333-8FDC-42A3-9474-1A3956D46DE8}") = "Listening", "Listening", "{94CDC22C-F9DF-4D98-B1BA-496871F9C171}"
EndProject
Project("{9A19103F-16F7-4668-BE54-9A1E7A4F7556}") = "Listening.Admin.WebAPI", "Listening\Listening.Admin.WebAPI\Listening.Admin.WebAPI.csproj", "{66CBA354-C01A-4F9F-8F62-72C7EE3342CF}"
EndProject
Project("{9A19103F-16F7-4668-BE54-9A1E7A4F7556}") = "Listening.Domain", "Listening\Listening.Domain\Listening.Domain.csproj", "{D1AE3A27-27B1-4B70-B445-842A456C68C8}"
EndProject
Project("{9A19103F-16F7-4668-BE54-9A1E7A4F7556}") = "Listening.Infrastructure", "Listening\Listening.Infrastructure\Listening.Infrastructure.csproj", "{644CFD36-3686-4D6A-B13D-27317451E9C6}"
EndProject
Project("{9A19103F-16F7-4668-BE54-9A1E7A4F7556}") = "Listening.Main.WebAPI", "Listening\Listening.Main.WebAPI\Listening.Main.WebAPI.csproj", "{3B46BF61-703C-4CC3-B071-5B87554C20B0}"
EndProject
Project("{2150E333-8FDC-42A3-9474-1A3956D46DE8}") = "MediaEncoder", "MediaEncoder", "{DD139B41-1E19-4BF3-81D7-CAAA856460C3}"
EndProject
Project("{9A19103F-16F7-4668-BE54-9A1E7A4F7556}") = "MediaEncoder.Domain", "MediaEncoder\MediaEncoder.Domain\MediaEncoder.Domain.csproj", "{A4FA368F-5300-458E-8AC3-23FBBC23C58A}"
EndProject
Project("{9A19103F-16F7-4668-BE54-9A1E7A4F7556}") = "MediaEncoder.Infrastructure", "MediaEncoder\MediaEncoder.Infrastructure\MediaEncoder.Infrastructure.csproj", "{93DF6CDE-96E2-4DFF-A3A7-8A5F791B8CDC}"
EndProject
Project("{9A19103F-16F7-4668-BE54-9A1E7A4F7556}") = "MediaEncoder.WebAPI", "MediaEncoder\MediaEncoder.WebAPI\MediaEncoder.WebAPI.csproj", "{EC24D936-4FE2-40A3-9CAA-5B279506ABEF}"
EndProject
Global
	GlobalSection(SolutionConfigurationPlatforms) = preSolution
		Debug|Any CPU = Debug|Any CPU
		Release|Any CPU = Release|Any CPU
	EndGlobalSection
	GlobalSection(ProjectConfigurationPlatforms) = postSolution
		{A7750EF3-1C9A-4B84-9DEC-996272AE9BEA}.Debug|Any CPU.ActiveCfg = Debug|Any CPU
		{A7750EF3-1C9A-4B84-9DEC-996272AE9BEA}.Debug|Any CPU.Build.0 = Debug|Any CPU
		{A7750EF3-1C9A-4B84-9DEC-996272AE9BEA}.Release|Any CPU.ActiveCfg = Release|Any CPU
		{A7750EF3-1C9A-4B84-9DEC-996272AE9BEA}.Release|Any CPU.Build.0 = Release|Any CPU
		{445E0DFE-7B95-4619-AD83-057D40BE21F6}.Debug|Any CPU.ActiveCfg = Debug|Any CPU
		{445E0DFE-7B95-4619-AD83-057D40BE21F6}.Debug|Any CPU.Build.0 = Debug|Any CPU
		{445E0DFE-7B95-4619-AD83-057D40BE21F6}.Release|Any CPU.ActiveCfg = Release|Any CPU
		{445E0DFE-7B95-4619-AD83-057D40BE21F6}.Release|Any CPU.Build.0 = Release|Any CPU
		{D8973726-B927-4178-87EC-3908DD682B14}.Debug|Any CPU.ActiveCfg = Debug|Any CPU
		{D8973726-B927-4178-87EC-3908DD682B14}.Debug|Any CPU.Build.0 = Debug|Any CPU
		{D8973726-B927-4178-87EC-3908DD682B14}.Release|Any CPU.ActiveCfg = Release|Any CPU
		{D8973726-B927-4178-87EC-3908DD682B14}.Release|Any CPU.Build.0 = Release|Any CPU
		{77E74D00-2E84-41AD-9F78-C1541C515B77}.Debug|Any CPU.ActiveCfg = Debug|Any CPU
		{77E74D00-2E84-41AD-9F78-C1541C515B77}.Debug|Any CPU.Build.0 = Debug|Any CPU
		{77E74D00-2E84-41AD-9F78-C1541C515B77}.Release|Any CPU.ActiveCfg = Release|Any CPU
		{77E74D00-2E84-41AD-9F78-C1541C515B77}.Release|Any CPU.Build.0 = Release|Any CPU
		{BB9BC01D-83C4-4EB1-BD3F-83A6A8B4EF67}.Debug|Any CPU.ActiveCfg = Debug|Any CPU
		{BB9BC01D-83C4-4EB1-BD3F-83A6A8B4EF67}.Debug|Any CPU.Build.0 = Debug|Any CPU
		{BB9BC01D-83C4-4EB1-BD3F-83A6A8B4EF67}.Release|Any CPU.ActiveCfg = Release|Any CPU
		{BB9BC01D-83C4-4EB1-BD3F-83A6A8B4EF67}.Release|Any CPU.Build.0 = Release|Any CPU
		{6EB459D3-0F21-488D-B763-D1BE28705C34}.Debug|Any CPU.ActiveCfg = Debug|Any CPU
		{6EB459D3-0F21-488D-B763-D1BE28705C34}.Debug|Any CPU.Build.0 = Debug|Any CPU
		{6EB459D3-0F21-488D-B763-D1BE28705C34}.Release|Any CPU.ActiveCfg = Release|Any CPU
		{6EB459D3-0F21-488D-B763-D1BE28705C34}.Release|Any CPU.Build.0 = Release|Any CPU
		{8EB9EC94-35EB-4157-8DC0-93ECB8660E0A}.Debug|Any CPU.ActiveCfg = Debug|Any CPU
		{8EB9EC94-35EB-4157-8DC0-93ECB8660E0A}.Debug|Any CPU.Build.0 = Debug|Any CPU
		{8EB9EC94-35EB-4157-8DC0-93ECB8660E0A}.Release|Any CPU.ActiveCfg = Release|Any CPU
		{8EB9EC94-35EB-4157-8DC0-93ECB8660E0A}.Release|Any CPU.Build.0 = Release|Any CPU
		{AF8FB1CF-10B3-435F-8187-4C559230EFA7}.Debug|Any CPU.ActiveCfg = Debug|Any CPU
		{AF8FB1CF-10B3-435F-8187-4C559230EFA7}.Debug|Any CPU.Build.0 = Debug|Any CPU
		{AF8FB1CF-10B3-435F-8187-4C559230EFA7}.Release|Any CPU.ActiveCfg = Release|Any CPU
		{AF8FB1CF-10B3-435F-8187-4C559230EFA7}.Release|Any CPU.Build.0 = Release|Any CPU
		{51780ACC-8696-4AC8-A8B5-6F06A8810462}.Debug|Any CPU.ActiveCfg = Debug|Any CPU
		{51780ACC-8696-4AC8-A8B5-6F06A8810462}.Debug|Any CPU.Build.0 = Debug|Any CPU
		{51780ACC-8696-4AC8-A8B5-6F06A8810462}.Release|Any CPU.ActiveCfg = Release|Any CPU
		{51780ACC-8696-4AC8-A8B5-6F06A8810462}.Release|Any CPU.Build.0 = Release|Any CPU
		{BE4F37EE-4338-4DDC-9A7D-B6698E97D5B5}.Debug|Any CPU.ActiveCfg = Debug|Any CPU
		{BE4F37EE-4338-4DDC-9A7D-B6698E97D5B5}.Debug|Any CPU.Build.0 = Debug|Any CPU
		{BE4F37EE-4338-4DDC-9A7D-B6698E97D5B5}.Release|Any CPU.ActiveCfg = Release|Any CPU
		{BE4F37EE-4338-4DDC-9A7D-B6698E97D5B5}.Release|Any CPU.Build.0 = Release|Any CPU
		{7829370A-0206-4A0F-A363-E3E2E957E039}.Debug|Any CPU.ActiveCfg = Debug|Any CPU
		{7829370A-0206-4A0F-A363-E3E2E957E039}.Debug|Any CPU.Build.0 = Debug|Any CPU
		{7829370A-0206-4A0F-A363-E3E2E957E039}.Release|Any CPU.ActiveCfg = Release|Any CPU
		{7829370A-0206-4A0F-A363-E3E2E957E039}.Release|Any CPU.Build.0 = Release|Any CPU
		{75D559CD-6C27-46E8-9766-9D2D91ADB113}.Debug|Any CPU.ActiveCfg = Debug|Any CPU
		{75D559CD-6C27-46E8-9766-9D2D91ADB113}.Debug|Any CPU.Build.0 = Debug|Any CPU
		{75D559CD-6C27-46E8-9766-9D2D91ADB113}.Release|Any CPU.ActiveCfg = Release|Any CPU
		{75D559CD-6C27-46E8-9766-9D2D91ADB113}.Release|Any CPU.Build.0 = Release|Any CPU
		{D0DCDED2-636F-42F9-A8A9-6FC24215ABF5}.Debug|Any CPU.ActiveCfg = Debug|Any CPU
		{D0DCDED2-636F-42F9-A8A9-6FC24215ABF5}.Debug|Any CPU.Build.0 = Debug|Any CPU
		{D0DCDED2-636F-42F9-A8A9-6FC24215ABF5}.Release|Any CPU.ActiveCfg = Release|Any CPU
		{D0DCDED2-636F-42F9-A8A9-6FC24215ABF5}.Release|Any CPU.Build.0 = Release|Any CPU
		{7BEE964F-1DB3-4112-B787-8A2BD56024E6}.Debug|Any CPU.ActiveCfg = Debug|Any CPU
		{7BEE964F-1DB3-4112-B787-8A2BD56024E6}.Debug|Any CPU.Build.0 = Debug|Any CPU
		{7BEE964F-1DB3-4112-B787-8A2BD56024E6}.Release|Any CPU.ActiveCfg = Release|Any CPU
		{7BEE964F-1DB3-4112-B787-8A2BD56024E6}.Release|Any CPU.Build.0 = Release|Any CPU
		{66CBA354-C01A-4F9F-8F62-72C7EE3342CF}.Debug|Any CPU.ActiveCfg = Debug|Any CPU
		{66CBA354-C01A-4F9F-8F62-72C7EE3342CF}.Debug|Any CPU.Build.0 = Debug|Any CPU
		{66CBA354-C01A-4F9F-8F62-72C7EE3342CF}.Release|Any CPU.ActiveCfg = Release|Any CPU
		{66CBA354-C01A-4F9F-8F62-72C7EE3342CF}.Release|Any CPU.Build.0 = Release|Any CPU
		{D1AE3A27-27B1-4B70-B445-842A456C68C8}.Debug|Any CPU.ActiveCfg = Debug|Any CPU
		{D1AE3A27-27B1-4B70-B445-842A456C68C8}.Debug|Any CPU.Build.0 = Debug|Any CPU
		{D1AE3A27-27B1-4B70-B445-842A456C68C8}.Release|Any CPU.ActiveCfg = Release|Any CPU
		{D1AE3A27-27B1-4B70-B445-842A456C68C8}.Release|Any CPU.Build.0 = Release|Any CPU
		{644CFD36-3686-4D6A-B13D-27317451E9C6}.Debug|Any CPU.ActiveCfg = Debug|Any CPU
		{644CFD36-3686-4D6A-B13D-27317451E9C6}.Debug|Any CPU.Build.0 = Debug|Any CPU
		{644CFD36-3686-4D6A-B13D-27317451E9C6}.Release|Any CPU.ActiveCfg = Release|Any CPU
		{644CFD36-3686-4D6A-B13D-27317451E9C6}.Release|Any CPU.Build.0 = Release|Any CPU
		{3B46BF61-703C-4CC3-B071-5B87554C20B0}.Debug|Any CPU.ActiveCfg = Debug|Any CPU
		{3B46BF61-703C-4CC3-B071-5B87554C20B0}.Debug|Any CPU.Build.0 = Debug|Any CPU
		{3B46BF61-703C-4CC3-B071-5B87554C20B0}.Release|Any CPU.ActiveCfg = Release|Any CPU
		{3B46BF61-703C-4CC3-B071-5B87554C20B0}.Release|Any CPU.Build.0 = Release|Any CPU
		{A4FA368F-5300-458E-8AC3-23FBBC23C58A}.Debug|Any CPU.ActiveCfg = Debug|Any CPU
		{A4FA368F-5300-458E-8AC3-23FBBC23C58A}.Debug|Any CPU.Build.0 = Debug|Any CPU
		{A4FA368F-5300-458E-8AC3-23FBBC23C58A}.Release|Any CPU.ActiveCfg = Release|Any CPU
		{A4FA368F-5300-458E-8AC3-23FBBC23C58A}.Release|Any CPU.Build.0 = Release|Any CPU
		{93DF6CDE-96E2-4DFF-A3A7-8A5F791B8CDC}.Debug|Any CPU.ActiveCfg = Debug|Any CPU
		{93DF6CDE-96E2-4DFF-A3A7-8A5F791B8CDC}.Debug|Any CPU.Build.0 = Debug|Any CPU
		{93DF6CDE-96E2-4DFF-A3A7-8A5F791B8CDC}.Release|Any CPU.ActiveCfg = Release|Any CPU
		{93DF6CDE-96E2-4DFF-A3A7-8A5F791B8CDC}.Release|Any CPU.Build.0 = Release|Any CPU
		{EC24D936-4FE2-40A3-9CAA-5B279506ABEF}.Debug|Any CPU.ActiveCfg = Debug|Any CPU
		{EC24D936-4FE2-40A3-9CAA-5B279506ABEF}.Debug|Any CPU.Build.0 = Debug|Any CPU
		{EC24D936-4FE2-40A3-9CAA-5B279506ABEF}.Release|Any CPU.ActiveCfg = Release|Any CPU
		{EC24D936-4FE2-40A3-9CAA-5B279506ABEF}.Release|Any CPU.Build.0 = Release|Any CPU
	EndGlobalSection
	GlobalSection(SolutionProperties) = preSolution
		HideSolutionNode = FALSE
	EndGlobalSection
	GlobalSection(NestedProjects) = preSolution
		{A7750EF3-1C9A-4B84-9DEC-996272AE9BEA} = {9F8623BF-E9D5-4779-8DF4-244C3F87C12E}
		{445E0DFE-7B95-4619-AD83-057D40BE21F6} = {9F8623BF-E9D5-4779-8DF4-244C3F87C12E}
		{D8973726-B927-4178-87EC-3908DD682B14} = {9F8623BF-E9D5-4779-8DF4-244C3F87C12E}
		{77E74D00-2E84-41AD-9F78-C1541C515B77} = {9F8623BF-E9D5-4779-8DF4-244C3F87C12E}
		{BB9BC01D-83C4-4EB1-BD3F-83A6A8B4EF67} = {9F8623BF-E9D5-4779-8DF4-244C3F87C12E}
		{6EB459D3-0F21-488D-B763-D1BE28705C34} = {9F8623BF-E9D5-4779-8DF4-244C3F87C12E}
		{8EB9EC94-35EB-4157-8DC0-93ECB8660E0A} = {9F8623BF-E9D5-4779-8DF4-244C3F87C12E}
		{AF8FB1CF-10B3-435F-8187-4C559230EFA7} = {3ACC08B6-8975-445B-A6F4-43D031E4C9BC}
		{51780ACC-8696-4AC8-A8B5-6F06A8810462} = {3ACC08B6-8975-445B-A6F4-43D031E4C9BC}
		{BE4F37EE-4338-4DDC-9A7D-B6698E97D5B5} = {3ACC08B6-8975-445B-A6F4-43D031E4C9BC}
		{7829370A-0206-4A0F-A363-E3E2E957E039} = {3ACC08B6-8975-445B-A6F4-43D031E4C9BC}
		{75D559CD-6C27-46E8-9766-9D2D91ADB113} = {7735AA70-4F07-4220-A6AE-9756C2E966C4}
		{D0DCDED2-636F-42F9-A8A9-6FC24215ABF5} = {7735AA70-4F07-4220-A6AE-9756C2E966C4}
		{7BEE964F-1DB3-4112-B787-8A2BD56024E6} = {7735AA70-4F07-4220-A6AE-9756C2E966C4}
		{66CBA354-C01A-4F9F-8F62-72C7EE3342CF} = {94CDC22C-F9DF-4D98-B1BA-496871F9C171}
		{D1AE3A27-27B1-4B70-B445-842A456C68C8} = {94CDC22C-F9DF-4D98-B1BA-496871F9C171}
		{644CFD36-3686-4D6A-B13D-27317451E9C6} = {94CDC22C-F9DF-4D98-B1BA-496871F9C171}
		{3B46BF61-703C-4CC3-B071-5B87554C20B0} = {94CDC22C-F9DF-4D98-B1BA-496871F9C171}
		{A4FA368F-5300-458E-8AC3-23FBBC23C58A} = {DD139B41-1E19-4BF3-81D7-CAAA856460C3}
		{93DF6CDE-96E2-4DFF-A3A7-8A5F791B8CDC} = {DD139B41-1E19-4BF3-81D7-CAAA856460C3}
		{EC24D936-4FE2-40A3-9CAA-5B279506ABEF} = {DD139B41-1E19-4BF3-81D7-CAAA856460C3}
	EndGlobalSection
	GlobalSection(ExtensibilityGlobals) = postSolution
		SolutionGuid = {F04B9B2C-4344-4AD8-9C56-8CBACC3F4537}
	EndGlobalSection
EndGlobal
