
Microsoft Visual Studio Solution File, Format Version 12.00
# Visual Studio Version 17
VisualStudioVersion = 17.10.35122.118
MinimumVisualStudioVersion = 10.0.40219.1
Project("{2150E333-8FDC-42A3-9474-1A3956D46DE8}") = "中间件", "中间件", "{02E3A2A0-5F54-41A4-B455-FDD904C0047C}"
EndProject
Project("{9A19103F-16F7-4668-BE54-9A1E7A4F7556}") = "中间件流程", "中间件流程\中间件流程.csproj", "{893840DB-FD16-4289-A696-CB2DD12377D4}"
EndProject
Project("{2150E333-8FDC-42A3-9474-1A3956D46DE8}") = "MQ", "MQ", "{579254A0-F709-476B-8CE1-5833B29BBB38}"
EndProject
Project("{9A19103F-16F7-4668-BE54-9A1E7A4F7556}") = "RabbitMQ.Sender", "RabbitMQ.Sender\RabbitMQ.Sender.csproj", "{3ADBD51B-0C87-4470-ABF7-CC1BE084A682}"
EndProject
Project("{9A19103F-16F7-4668-BE54-9A1E7A4F7556}") = "RabbitMQ.Receiver", "RabbitMQ.Receiver\RabbitMQ.Receiver.csproj", "{72C2F1E9-B194-49B4-9799-8619ABCDE298}"
EndProject
Project("{2150E333-8FDC-42A3-9474-1A3956D46DE8}") = "MediatR", "MediatR", "{1CC95B7A-9DD8-4BD2-9479-BEB3DCA43962}"
EndProject
Project("{9A19103F-16F7-4668-BE54-9A1E7A4F7556}") = "MediatR.Demo", "MediatR.Demo\MediatR.Demo.csproj", "{18774068-863A-43AA-9FA7-913CB2CB5CFC}"
EndProject
Global
	GlobalSection(SolutionConfigurationPlatforms) = preSolution
		Debug|Any CPU = Debug|Any CPU
		Debug|x64 = Debug|x64
		Debug|x86 = Debug|x86
		Release|Any CPU = Release|Any CPU
		Release|x64 = Release|x64
		Release|x86 = Release|x86
	EndGlobalSection
	GlobalSection(ProjectConfigurationPlatforms) = postSolution
		{893840DB-FD16-4289-A696-CB2DD12377D4}.Debug|Any CPU.ActiveCfg = Debug|Any CPU
		{893840DB-FD16-4289-A696-CB2DD12377D4}.Debug|Any CPU.Build.0 = Debug|Any CPU
		{893840DB-FD16-4289-A696-CB2DD12377D4}.Debug|x64.ActiveCfg = Debug|Any CPU
		{893840DB-FD16-4289-A696-CB2DD12377D4}.Debug|x64.Build.0 = Debug|Any CPU
		{893840DB-FD16-4289-A696-CB2DD12377D4}.Debug|x86.ActiveCfg = Debug|Any CPU
		{893840DB-FD16-4289-A696-CB2DD12377D4}.Debug|x86.Build.0 = Debug|Any CPU
		{893840DB-FD16-4289-A696-CB2DD12377D4}.Release|Any CPU.ActiveCfg = Release|Any CPU
		{893840DB-FD16-4289-A696-CB2DD12377D4}.Release|Any CPU.Build.0 = Release|Any CPU
		{893840DB-FD16-4289-A696-CB2DD12377D4}.Release|x64.ActiveCfg = Release|Any CPU
		{893840DB-FD16-4289-A696-CB2DD12377D4}.Release|x64.Build.0 = Release|Any CPU
		{893840DB-FD16-4289-A696-CB2DD12377D4}.Release|x86.ActiveCfg = Release|Any CPU
		{893840DB-FD16-4289-A696-CB2DD12377D4}.Release|x86.Build.0 = Release|Any CPU
		{3ADBD51B-0C87-4470-ABF7-CC1BE084A682}.Debug|Any CPU.ActiveCfg = Debug|Any CPU
		{3ADBD51B-0C87-4470-ABF7-CC1BE084A682}.Debug|Any CPU.Build.0 = Debug|Any CPU
		{3ADBD51B-0C87-4470-ABF7-CC1BE084A682}.Debug|x64.ActiveCfg = Debug|Any CPU
		{3ADBD51B-0C87-4470-ABF7-CC1BE084A682}.Debug|x64.Build.0 = Debug|Any CPU
		{3ADBD51B-0C87-4470-ABF7-CC1BE084A682}.Debug|x86.ActiveCfg = Debug|Any CPU
		{3ADBD51B-0C87-4470-ABF7-CC1BE084A682}.Debug|x86.Build.0 = Debug|Any CPU
		{3ADBD51B-0C87-4470-ABF7-CC1BE084A682}.Release|Any CPU.ActiveCfg = Release|Any CPU
		{3ADBD51B-0C87-4470-ABF7-CC1BE084A682}.Release|Any CPU.Build.0 = Release|Any CPU
		{3ADBD51B-0C87-4470-ABF7-CC1BE084A682}.Release|x64.ActiveCfg = Release|Any CPU
		{3ADBD51B-0C87-4470-ABF7-CC1BE084A682}.Release|x64.Build.0 = Release|Any CPU
		{3ADBD51B-0C87-4470-ABF7-CC1BE084A682}.Release|x86.ActiveCfg = Release|Any CPU
		{3ADBD51B-0C87-4470-ABF7-CC1BE084A682}.Release|x86.Build.0 = Release|Any CPU
		{72C2F1E9-B194-49B4-9799-8619ABCDE298}.Debug|Any CPU.ActiveCfg = Debug|Any CPU
		{72C2F1E9-B194-49B4-9799-8619ABCDE298}.Debug|Any CPU.Build.0 = Debug|Any CPU
		{72C2F1E9-B194-49B4-9799-8619ABCDE298}.Debug|x64.ActiveCfg = Debug|Any CPU
		{72C2F1E9-B194-49B4-9799-8619ABCDE298}.Debug|x64.Build.0 = Debug|Any CPU
		{72C2F1E9-B194-49B4-9799-8619ABCDE298}.Debug|x86.ActiveCfg = Debug|Any CPU
		{72C2F1E9-B194-49B4-9799-8619ABCDE298}.Debug|x86.Build.0 = Debug|Any CPU
		{72C2F1E9-B194-49B4-9799-8619ABCDE298}.Release|Any CPU.ActiveCfg = Release|Any CPU
		{72C2F1E9-B194-49B4-9799-8619ABCDE298}.Release|Any CPU.Build.0 = Release|Any CPU
		{72C2F1E9-B194-49B4-9799-8619ABCDE298}.Release|x64.ActiveCfg = Release|Any CPU
		{72C2F1E9-B194-49B4-9799-8619ABCDE298}.Release|x64.Build.0 = Release|Any CPU
		{72C2F1E9-B194-49B4-9799-8619ABCDE298}.Release|x86.ActiveCfg = Release|Any CPU
		{72C2F1E9-B194-49B4-9799-8619ABCDE298}.Release|x86.Build.0 = Release|Any CPU
		{18774068-863A-43AA-9FA7-913CB2CB5CFC}.Debug|Any CPU.ActiveCfg = Debug|Any CPU
		{18774068-863A-43AA-9FA7-913CB2CB5CFC}.Debug|Any CPU.Build.0 = Debug|Any CPU
		{18774068-863A-43AA-9FA7-913CB2CB5CFC}.Debug|x64.ActiveCfg = Debug|Any CPU
		{18774068-863A-43AA-9FA7-913CB2CB5CFC}.Debug|x64.Build.0 = Debug|Any CPU
		{18774068-863A-43AA-9FA7-913CB2CB5CFC}.Debug|x86.ActiveCfg = Debug|Any CPU
		{18774068-863A-43AA-9FA7-913CB2CB5CFC}.Debug|x86.Build.0 = Debug|Any CPU
		{18774068-863A-43AA-9FA7-913CB2CB5CFC}.Release|Any CPU.ActiveCfg = Release|Any CPU
		{18774068-863A-43AA-9FA7-913CB2CB5CFC}.Release|Any CPU.Build.0 = Release|Any CPU
		{18774068-863A-43AA-9FA7-913CB2CB5CFC}.Release|x64.ActiveCfg = Release|Any CPU
		{18774068-863A-43AA-9FA7-913CB2CB5CFC}.Release|x64.Build.0 = Release|Any CPU
		{18774068-863A-43AA-9FA7-913CB2CB5CFC}.Release|x86.ActiveCfg = Release|Any CPU
		{18774068-863A-43AA-9FA7-913CB2CB5CFC}.Release|x86.Build.0 = Release|Any CPU
	EndGlobalSection
	GlobalSection(SolutionProperties) = preSolution
		HideSolutionNode = FALSE
	EndGlobalSection
	GlobalSection(NestedProjects) = preSolution
		{893840DB-FD16-4289-A696-CB2DD12377D4} = {02E3A2A0-5F54-41A4-B455-FDD904C0047C}
		{3ADBD51B-0C87-4470-ABF7-CC1BE084A682} = {579254A0-F709-476B-8CE1-5833B29BBB38}
		{72C2F1E9-B194-49B4-9799-8619ABCDE298} = {579254A0-F709-476B-8CE1-5833B29BBB38}
		{18774068-863A-43AA-9FA7-913CB2CB5CFC} = {1CC95B7A-9DD8-4BD2-9479-BEB3DCA43962}
	EndGlobalSection
	GlobalSection(ExtensibilityGlobals) = postSolution
		SolutionGuid = {CABB094B-1374-4175-9D67-0B5CE6FDA16F}
	EndGlobalSection
EndGlobal
