
Microsoft Visual Studio Solution File, Format Version 12.00
# Visual Studio Version 17
VisualStudioVersion = 17.10.35122.118
MinimumVisualStudioVersion = 10.0.40219.1
Project("{FAE04EC0-301F-11D3-BF4B-00C04F79EFBC}") = "ffmpeg-demo", "ffmpeg-demo.csproj", "{333646A3-7B20-443A-98B7-5B6461CEFAA4}"
EndProject
Global
	GlobalSection(SolutionConfigurationPlatforms) = preSolution
		Debug|Any CPU = Debug|Any CPU
		Release|Any CPU = Release|Any CPU
	EndGlobalSection
	GlobalSection(ProjectConfigurationPlatforms) = postSolution
		{333646A3-7B20-443A-98B7-5B6461CEFAA4}.Debug|Any CPU.ActiveCfg = Debug|Any CPU
		{333646A3-7B20-443A-98B7-5B6461CEFAA4}.Debug|Any CPU.Build.0 = Debug|Any CPU
		{333646A3-7B20-443A-98B7-5B6461CEFAA4}.Release|Any CPU.ActiveCfg = Release|Any CPU
		{333646A3-7B20-443A-98B7-5B6461CEFAA4}.Release|Any CPU.Build.0 = Release|Any CPU
	EndGlobalSection
	GlobalSection(SolutionProperties) = preSolution
		HideSolutionNode = FALSE
	EndGlobalSection
	GlobalSection(ExtensibilityGlobals) = postSolution
		SolutionGuid = {2472EDA4-B2AC-4A58-9CAD-D9E2D1DCA4B5}
	EndGlobalSection
EndGlobal
