
Microsoft Visual Studio Solution File, Format Version 12.00
# Visual Studio Version 17
VisualStudioVersion = 17.10.35122.118
MinimumVisualStudioVersion = 10.0.40219.1
Project("{FAE04EC0-301F-11D3-BF4B-00C04F79EFBC}") = "WebAPI风格", "WebAPI风格\WebAPI风格.csproj", "{3D25A2B3-9A86-4770-AE2D-43F389F23067}"
EndProject
Global
	GlobalSection(SolutionConfigurationPlatforms) = preSolution
		Debug|Any CPU = Debug|Any CPU
		Release|Any CPU = Release|Any CPU
	EndGlobalSection
	GlobalSection(ProjectConfigurationPlatforms) = postSolution
		{3D25A2B3-9A86-4770-AE2D-43F389F23067}.Debug|Any CPU.ActiveCfg = Debug|Any CPU
		{3D25A2B3-9A86-4770-AE2D-43F389F23067}.Debug|Any CPU.Build.0 = Debug|Any CPU
		{3D25A2B3-9A86-4770-AE2D-43F389F23067}.Release|Any CPU.ActiveCfg = Release|Any CPU
		{3D25A2B3-9A86-4770-AE2D-43F389F23067}.Release|Any CPU.Build.0 = Release|Any CPU
	EndGlobalSection
	GlobalSection(SolutionProperties) = preSolution
		HideSolutionNode = FALSE
	EndGlobalSection
	GlobalSection(ExtensibilityGlobals) = postSolution
		SolutionGuid = {E7AE9C61-7B76-4CA8-BF02-28B9FC560B58}
	EndGlobalSection
EndGlobal
